
Microsoft Visual Studio Solution File, Format Version 12.00
# Visual Studio Version 17
VisualStudioVersion = 17.7.34031.279
MinimumVisualStudioVersion = 10.0.40219.1
Project("{FAE04EC0-301F-11D3-BF4B-00C04F79EFBC}") = "ProyectoGrupo", "ProyectoGrupo\ProyectoGrupo.csproj", "{B43EFBBF-006B-4546-B696-93FE74B6249F}"
EndProject
Global
	GlobalSection(SolutionConfigurationPlatforms) = preSolution
		Debug|Any CPU = Debug|Any CPU
		Release|Any CPU = Release|Any CPU
	EndGlobalSection
	GlobalSection(ProjectConfigurationPlatforms) = postSolution
		{B43EFBBF-006B-4546-B696-93FE74B6249F}.Debug|Any CPU.ActiveCfg = Debug|Any CPU
		{B43EFBBF-006B-4546-B696-93FE74B6249F}.Debug|Any CPU.Build.0 = Debug|Any CPU
		{B43EFBBF-006B-4546-B696-93FE74B6249F}.Release|Any CPU.ActiveCfg = Release|Any CPU
		{B43EFBBF-006B-4546-B696-93FE74B6249F}.Release|Any CPU.Build.0 = Release|Any CPU
	EndGlobalSection
	GlobalSection(SolutionProperties) = preSolution
		HideSolutionNode = FALSE
	EndGlobalSection
	GlobalSection(ExtensibilityGlobals) = postSolution
		SolutionGuid = {7BC39D71-2934-4831-86B9-56ECEF2A65FE}
	EndGlobalSection
EndGlobal
